
Microsoft Visual Studio Solution File, Format Version 12.00
# Visual Studio Version 17
VisualStudioVersion = 17.4.33103.184
MinimumVisualStudioVersion = 10.0.40219.1
Project("{888888A0-9F3D-457C-B088-3A5042F75D52}") = "Distance_Vector_Routing_Protocol", "Distance_Vector_Routing_Protocol\Distance_Vector_Routing_Protocol.pyproj", "{559FFE88-872D-4A8A-BCE6-9987AB2E6290}"
EndProject
Global
	GlobalSection(SolutionConfigurationPlatforms) = preSolution
		Debug|Any CPU = Debug|Any CPU
		Release|Any CPU = Release|Any CPU
	EndGlobalSection
	GlobalSection(ProjectConfigurationPlatforms) = postSolution
		{559FFE88-872D-4A8A-BCE6-9987AB2E6290}.Debug|Any CPU.ActiveCfg = Debug|Any CPU
		{559FFE88-872D-4A8A-BCE6-9987AB2E6290}.Release|Any CPU.ActiveCfg = Release|Any CPU
	EndGlobalSection
	GlobalSection(SolutionProperties) = preSolution
		HideSolutionNode = FALSE
	EndGlobalSection
	GlobalSection(ExtensibilityGlobals) = postSolution
		SolutionGuid = {CFA0FCD8-C985-4827-B796-E4C69118CC72}
	EndGlobalSection
EndGlobal
